
Microsoft Visual Studio Solution File, Format Version 12.00
# Visual Studio Version 17
VisualStudioVersion = 17.5.33414.496
MinimumVisualStudioVersion = 10.0.40219.1
Project("{2150E333-8FDC-42A3-9474-1A3956D46DE8}") = "Solution Items", "Solution Items", "{BD710BB5-82E8-4FDF-AB80-2D1DF506549D}"
	ProjectSection(SolutionItems) = preProject
		.gitignore = .gitignore
		azure-pipelines.yml = azure-pipelines.yml
		LICENSE.md = LICENSE.md
		NuGet.config = NuGet.config
		README.md = README.md
	EndProjectSection
EndProject
Project("{9A19103F-16F7-4668-BE54-9A1E7A4F7556}") = "uSync.Umbraco.Commerce", "src\uSync.Umbraco.Commerce\uSync.Umbraco.Commerce.csproj", "{70BC3410-E38A-4EF7-A555-3EBD2F9D024C}"
EndProject
Project("{FAE04EC0-301F-11D3-BF4B-00C04F79EFBC}") = "Commerce.Site", "..\Commerce.Site\Commerce.Site.csproj", "{DCD563A8-8068-4836-9737-AC3E5B49043D}"
EndProject
Global
	GlobalSection(SolutionConfigurationPlatforms) = preSolution
		Debug|Any CPU = Debug|Any CPU
		Release|Any CPU = Release|Any CPU
	EndGlobalSection
	GlobalSection(ProjectConfigurationPlatforms) = postSolution
		{70BC3410-E38A-4EF7-A555-3EBD2F9D024C}.Debug|Any CPU.ActiveCfg = Debug|Any CPU
		{70BC3410-E38A-4EF7-A555-3EBD2F9D024C}.Debug|Any CPU.Build.0 = Debug|Any CPU
		{70BC3410-E38A-4EF7-A555-3EBD2F9D024C}.Release|Any CPU.ActiveCfg = Release|Any CPU
		{70BC3410-E38A-4EF7-A555-3EBD2F9D024C}.Release|Any CPU.Build.0 = Release|Any CPU
		{DCD563A8-8068-4836-9737-AC3E5B49043D}.Debug|Any CPU.ActiveCfg = Debug|Any CPU
		{DCD563A8-8068-4836-9737-AC3E5B49043D}.Debug|Any CPU.Build.0 = Debug|Any CPU
		{DCD563A8-8068-4836-9737-AC3E5B49043D}.Release|Any CPU.ActiveCfg = Release|Any CPU
		{DCD563A8-8068-4836-9737-AC3E5B49043D}.Release|Any CPU.Build.0 = Release|Any CPU
	EndGlobalSection
	GlobalSection(SolutionProperties) = preSolution
		HideSolutionNode = FALSE
	EndGlobalSection
	GlobalSection(ExtensibilityGlobals) = postSolution
		SolutionGuid = {A12BB2C5-EC96-413D-972B-6B2BB3036B1B}
	EndGlobalSection
EndGlobal
