
Microsoft Visual Studio Solution File, Format Version 12.00
# Visual Studio Version 16
VisualStudioVersion = 16.0.29503.13
MinimumVisualStudioVersion = 10.0.40219.1
Project("{FAE04EC0-301F-11D3-BF4B-00C04F79EFBC}") = "Vendr.uSync", "src\Vendr.uSync\Vendr.uSync.csproj", "{81F38628-3CEF-434D-BDCE-0BFA34C4DC1E}"
EndProject
Global
	GlobalSection(SolutionConfigurationPlatforms) = preSolution
		Debug|Any CPU = Debug|Any CPU
		Release|Any CPU = Release|Any CPU
	EndGlobalSection
	GlobalSection(ProjectConfigurationPlatforms) = postSolution
		{81F38628-3CEF-434D-BDCE-0BFA34C4DC1E}.Debug|Any CPU.ActiveCfg = Debug|Any CPU
		{81F38628-3CEF-434D-BDCE-0BFA34C4DC1E}.Debug|Any CPU.Build.0 = Debug|Any CPU
		{81F38628-3CEF-434D-BDCE-0BFA34C4DC1E}.Release|Any CPU.ActiveCfg = Release|Any CPU
		{81F38628-3CEF-434D-BDCE-0BFA34C4DC1E}.Release|Any CPU.Build.0 = Release|Any CPU
	EndGlobalSection
	GlobalSection(SolutionProperties) = preSolution
		HideSolutionNode = FALSE
	EndGlobalSection
	GlobalSection(ExtensibilityGlobals) = postSolution
		SolutionGuid = {A12BB2C5-EC96-413D-972B-6B2BB3036B1B}
	EndGlobalSection
EndGlobal
