
Microsoft Visual Studio Solution File, Format Version 12.00
# Visual Studio Version 16
VisualStudioVersion = 16.0.29503.13
MinimumVisualStudioVersion = 10.0.40219.1
Project("{FAE04EC0-301F-11D3-BF4B-00C04F79EFBC}") = "Vendr.uSync", "src\Vendr.uSync\Vendr.uSync.csproj", "{9F41379A-78CB-4EB7-9E79-99D2124EEF7B}"
EndProject
Project("{9A19103F-16F7-4668-BE54-9A1E7A4F7556}") = "_build", "build\_build.csproj", "{E9A55A5C-F1B6-48D9-A564-EA4A660E7C69}"
EndProject
Global
	GlobalSection(SolutionConfigurationPlatforms) = preSolution
		Debug|Any CPU = Debug|Any CPU
		Release|Any CPU = Release|Any CPU
	EndGlobalSection
	GlobalSection(ProjectConfigurationPlatforms) = postSolution
		{E9A55A5C-F1B6-48D9-A564-EA4A660E7C69}.Debug|Any CPU.ActiveCfg = Debug|Any CPU
		{E9A55A5C-F1B6-48D9-A564-EA4A660E7C69}.Release|Any CPU.ActiveCfg = Release|Any CPU
		{9F41379A-78CB-4EB7-9E79-99D2124EEF7B}.Debug|Any CPU.ActiveCfg = Debug|Any CPU
		{9F41379A-78CB-4EB7-9E79-99D2124EEF7B}.Debug|Any CPU.Build.0 = Debug|Any CPU
		{9F41379A-78CB-4EB7-9E79-99D2124EEF7B}.Release|Any CPU.ActiveCfg = Release|Any CPU
		{9F41379A-78CB-4EB7-9E79-99D2124EEF7B}.Release|Any CPU.Build.0 = Release|Any CPU
	EndGlobalSection
	GlobalSection(SolutionProperties) = preSolution
		HideSolutionNode = FALSE
	EndGlobalSection
	GlobalSection(ExtensibilityGlobals) = postSolution
		SolutionGuid = {A12BB2C5-EC96-413D-972B-6B2BB3036B1B}
	EndGlobalSection
EndGlobal
